
Microsoft Visual Studio Solution File, Format Version 12.00
# Visual Studio 2012
Project("{FAE04EC0-301F-11D3-BF4B-00C04F79EFBC}") = "NancyOwinHeroku-sample", "NancyOwinHeroku-sample\NancyOwinHeroku-sample.csproj", "{EC785286-A327-43DD-B916-49A38AAF5036}"
EndProject
Project("{2150E333-8FDC-42A3-9474-1A3956D46DE8}") = ".nuget", ".nuget", "{782E73A6-AE9C-4374-B973-63F6886B28DC}"
	ProjectSection(SolutionItems) = preProject
		.nuget\NuGet.Config = .nuget\NuGet.Config
		.nuget\NuGet.exe = .nuget\NuGet.exe
		.nuget\NuGet.targets = .nuget\NuGet.targets
	EndProjectSection
EndProject
Global
	GlobalSection(SolutionConfigurationPlatforms) = preSolution
		Debug|Any CPU = Debug|Any CPU
		Release|Any CPU = Release|Any CPU
	EndGlobalSection
	GlobalSection(ProjectConfigurationPlatforms) = postSolution
		{EC785286-A327-43DD-B916-49A38AAF5036}.Debug|Any CPU.ActiveCfg = Debug|Any CPU
		{EC785286-A327-43DD-B916-49A38AAF5036}.Debug|Any CPU.Build.0 = Debug|Any CPU
		{EC785286-A327-43DD-B916-49A38AAF5036}.Release|Any CPU.ActiveCfg = Release|Any CPU
		{EC785286-A327-43DD-B916-49A38AAF5036}.Release|Any CPU.Build.0 = Release|Any CPU
	EndGlobalSection
	GlobalSection(SolutionProperties) = preSolution
		HideSolutionNode = FALSE
	EndGlobalSection
EndGlobal
